{
  "name": "@verveai/workspace",
  "version": "1.4.5",
  "lockfileVersion": 3,
  "requires": true,
  "packages": {
    "": {
      "name": "@verveai/workspace",
      "version": "1.4.5",
      "dependencies": {
        "pnpm": "^9.15.9"
      },
      "devDependencies": {
        "typescript": "^5.6.3"
      },
      "engines": {
        "node": ">=20.0.0",
        "pnpm": ">=8.0.0"
      }
    },
    "node_modules/pnpm": {
      "version": "9.15.9",
      "resolved": "https://registry.npmjs.org/pnpm/-/pnpm-9.15.9.tgz",
      "integrity": "sha512-aARhQYk8ZvrQHAeSMRKOmvuJ74fiaR1p5NQO7iKJiClf1GghgbrlW1hBjDolO95lpQXsfF+UA+zlzDzTfc8lMQ==",
      "bin": {
        "pnpm": "bin/pnpm.cjs",
        "pnpx": "bin/pnpx.cjs"
      },
      "engines": {
        "node": ">=18.12"
      },
      "funding": {
        "url": "https://opencollective.com/pnpm"
      }
    },
    "node_modules/typescript": {
      "version": "5.9.3",
      "resolved": "https://registry.npmjs.org/typescript/-/typescript-5.9.3.tgz",
      "integrity": "sha512-jl1vZzPDinLr9eUt3J/t7V6FgNEw9QjvBPdysz9KfQDD41fQrC2Y4vKQdiaUpFT4bXlb1RHhLpp8wtm6M5TgSw==",
      "dev": true,
      "bin": {
        "tsc": "bin/tsc",
        "tsserver": "bin/tsserver"
      },
      "engines": {
        "node": ">=14.17"
      }
    }
  }
}
